{
	"name": "next-new-component",
	"version": "5.0.2",
	"lockfileVersion": 3,
	"requires": true,
	"packages": {
		"": {
			"name": "next-new-component",
			"version": "5.0.2",
			"license": "MIT",
			"dependencies": {
				"commander": "10"
			},
			"bin": {
				"next-new-component": "src/index.js"
			}
		},
		"node_modules/commander": {
			"version": "10.0.1",
			"resolved": "https://registry.npmjs.org/commander/-/commander-10.0.1.tgz",
			"integrity": "sha512-y4Mg2tXshplEbSGzx7amzPwKKOCGuoSRP/CjEdwwk0FOGlUbq6lKuoyDZTNZkmxHdJtp54hdfY/JUrdL7Xfdug==",
			"engines": {
				"node": ">=14"
			}
		}
	}
}
